{
    "name": "design-theory-workspace",
    "version": "1.0.0",
    "lockfileVersion": 3,
    "requires": true,
    "packages": {
        "": {
            "name": "design-theory-workspace",
            "version": "1.0.0",
            "workspaces": [
                "client/frontend",
                "server/backend"
            ]
        },
        "client/frontend": {
            "name": "thedesign",
            "version": "0.1.0",
            "extraneous": true,
            "dependencies": {
                "mongodb": "^7.1.0",
                "next": "16.1.1",
                "react": "19.2.3",
                "react-dom": "19.2.3",
                "surge": "^0.24.6"
            },
            "devDependencies": {
                "@tailwindcss/postcss": "^4",
                "eslint": "^9",
                "eslint-config-next": "16.1.1",
                "tailwindcss": "^4"
            }
        }
    }
}
